{
  "version": 4,
  "terraform_version": "0.14.3",
  "serial": 46,
  "lineage": "3e0f64d7-c77f-dc47-7697-c4348fe14452",
  "outputs": {
    "ip": {
      "value": "188.166.237.155",
      "type": "string"
    }
  },
  "resources": [
    {
      "mode": "managed",
      "type": "digitalocean_droplet",
      "name": "benjol-s1",
      "provider": "provider[\"registry.terraform.io/digitalocean/digitalocean\"]",
      "instances": [
        {
          "schema_version": 1,
          "attributes": {
            "backups": false,
            "created_at": "2020-12-22T01:03:37Z",
            "disk": 25,
            "id": "222698734",
            "image": "ubuntu-20-04-x64",
            "ipv4_address": "188.166.237.155",
            "ipv4_address_private": "10.104.0.3",
            "ipv6": false,
            "ipv6_address": "",
            "locked": false,
            "memory": 1024,
            "monitoring": false,
            "name": "benjol-s1",
            "price_hourly": 0.00744,
            "price_monthly": 5,
            "private_networking": true,
            "region": "sgp1",
            "resize_disk": true,
            "size": "s-1vcpu-1gb",
            "ssh_keys": [
              "71:e5:8e:0c:4a:63:2f:13:9a:9e:30:6c:d4:ad:0f:c8"
            ],
            "status": "active",
            "tags": null,
            "urn": "do:droplet:222698734",
            "user_data": null,
            "vcpus": 1,
            "volume_ids": [],
            "vpc_uuid": "62ecdcc4-9b8a-44dd-a1b9-94e012e32ea1"
          },
          "sensitive_attributes": [],
          "private": "eyJzY2hlbWFfdmVyc2lvbiI6IjEifQ=="
        }
      ]
    },
    {
      "mode": "managed",
      "type": "null_resource",
      "name": "ansible-provision",
      "provider": "provider[\"registry.terraform.io/hashicorp/null\"]",
      "instances": [
        {
          "schema_version": 0,
          "attributes": {
            "id": "7760808229885850261",
            "triggers": null
          },
          "sensitive_attributes": [],
          "private": "bnVsbA==",
          "dependencies": [
            "digitalocean_droplet.benjol-s1"
          ]
        }
      ]
    }
  ]
}
